// !$*UTF8*$!
{
	archiveVersion = 1;
	classes = {
	};
	objectVersion = 50;
	objects = {

/* Begin PBXBuildFile section */
		29FE6BC0234436B600B4FA73 /* AppDelegate.swift in Sources */ = {isa = PBXBuildFile; fileRef = 29FE6BBF234436B600B4FA73 /* AppDelegate.swift */; };
		29FE6BC2234436B600B4FA73 /* SceneDelegate.swift in Sources */ = {isa = PBXBuildFile; fileRef = 29FE6BC1234436B600B4FA73 /* SceneDelegate.swift */; };
		29FE6BC7234436B600B4FA73 /* Main.storyboard in Resources */ = {isa = PBXBuildFile; fileRef = 29FE6BC5234436B600B4FA73 /* Main.storyboard */; };
		29FE6BC9234436B700B4FA73 /* Assets.xcassets in Resources */ = {isa = PBXBuildFile; fileRef = 29FE6BC8234436B700B4FA73 /* Assets.xcassets */; };
		29FE6BCC234436B700B4FA73 /* LaunchScreen.storyboard in Resources */ = {isa = PBXBuildFile; fileRef = 29FE6BCA234436B700B4FA73 /* LaunchScreen.storyboard */; };
		29FE6BD52344370900B4FA73 /* TasksTableViewController.swift in Sources */ = {isa = PBXBuildFile; fileRef = 29FE6BD42344370900B4FA73 /* TasksTableViewController.swift */; };
		29FE6BD72344372300B4FA73 /* TaskDetailViewController.swift in Sources */ = {isa = PBXBuildFile; fileRef = 29FE6BD62344372300B4FA73 /* TaskDetailViewController.swift */; };
		29FE6BDB23443A6900B4FA73 /* Tasks.xcdatamodeld in Sources */ = {isa = PBXBuildFile; fileRef = 29FE6BD923443A6900B4FA73 /* Tasks.xcdatamodeld */; };
		29FE6BDD23443BAA00B4FA73 /* CoreDataStack.swift in Sources */ = {isa = PBXBuildFile; fileRef = 29FE6BDC23443BAA00B4FA73 /* CoreDataStack.swift */; };
		29FE6BDF23443E8300B4FA73 /* Task+Convenience.swift in Sources */ = {isa = PBXBuildFile; fileRef = 29FE6BDE23443E8300B4FA73 /* Task+Convenience.swift */; };
/* End PBXBuildFile section */

/* Begin PBXFileReference section */
		29287D9B234C201200A3731D /* Tasks 3.xcdatamodel */ = {isa = PBXFileReference; lastKnownFileType = wrapper.xcdatamodel; path = "Tasks 3.xcdatamodel"; sourceTree = "<group>"; };
		29E073272346DA7B00C5160C /* Tasks 2.xcdatamodel */ = {isa = PBXFileReference; lastKnownFileType = wrapper.xcdatamodel; path = "Tasks 2.xcdatamodel"; sourceTree = "<group>"; };
		29FE6BBC234436B600B4FA73 /* Tasks.app */ = {isa = PBXFileReference; explicitFileType = wrapper.application; includeInIndex = 0; path = Tasks.app; sourceTree = BUILT_PRODUCTS_DIR; };
		29FE6BBF234436B600B4FA73 /* AppDelegate.swift */ = {isa = PBXFileReference; lastKnownFileType = sourcecode.swift; path = AppDelegate.swift; sourceTree = "<group>"; };
		29FE6BC1234436B600B4FA73 /* SceneDelegate.swift */ = {isa = PBXFileReference; lastKnownFileType = sourcecode.swift; path = SceneDelegate.swift; sourceTree = "<group>"; };
		29FE6BC6234436B600B4FA73 /* Base */ = {isa = PBXFileReference; lastKnownFileType = file.storyboard; name = Base; path = Base.lproj/Main.storyboard; sourceTree = "<group>"; };
		29FE6BC8234436B700B4FA73 /* Assets.xcassets */ = {isa = PBXFileReference; lastKnownFileType = folder.assetcatalog; path = Assets.xcassets; sourceTree = "<group>"; };
		29FE6BCB234436B700B4FA73 /* Base */ = {isa = PBXFileReference; lastKnownFileType = file.storyboard; name = Base; path = Base.lproj/LaunchScreen.storyboard; sourceTree = "<group>"; };
		29FE6BCD234436B700B4FA73 /* Info.plist */ = {isa = PBXFileReference; lastKnownFileType = text.plist.xml; path = Info.plist; sourceTree = "<group>"; };
		29FE6BD42344370900B4FA73 /* TasksTableViewController.swift */ = {isa = PBXFileReference; lastKnownFileType = sourcecode.swift; path = TasksTableViewController.swift; sourceTree = "<group>"; };
		29FE6BD62344372300B4FA73 /* TaskDetailViewController.swift */ = {isa = PBXFileReference; lastKnownFileType = sourcecode.swift; path = TaskDetailViewController.swift; sourceTree = "<group>"; };
		29FE6BDA23443A6900B4FA73 /* Tasks.xcdatamodel */ = {isa = PBXFileReference; lastKnownFileType = wrapper.xcdatamodel; path = Tasks.xcdatamodel; sourceTree = "<group>"; };
		29FE6BDC23443BAA00B4FA73 /* CoreDataStack.swift */ = {isa = PBXFileReference; lastKnownFileType = sourcecode.swift; path = CoreDataStack.swift; sourceTree = "<group>"; };
		29FE6BDE23443E8300B4FA73 /* Task+Convenience.swift */ = {isa = PBXFileReference; lastKnownFileType = sourcecode.swift; path = "Task+Convenience.swift"; sourceTree = "<group>"; };
/* End PBXFileReference section */

/* Begin PBXFrameworksBuildPhase section */
		29FE6BB9234436B600B4FA73 /* Frameworks */ = {
			isa = PBXFrameworksBuildPhase;
			buildActionMask = 2147483647;
			files = (
			);
			runOnlyForDeploymentPostprocessing = 0;
		};
/* End PBXFrameworksBuildPhase section */

/* Begin PBXGroup section */
		29FE6BB3234436B600B4FA73 = {
			isa = PBXGroup;
			children = (
				29FE6BBE234436B600B4FA73 /* Tasks */,
				29FE6BBD234436B600B4FA73 /* Products */,
			);
			sourceTree = "<group>";
		};
		29FE6BBD234436B600B4FA73 /* Products */ = {
			isa = PBXGroup;
			children = (
				29FE6BBC234436B600B4FA73 /* Tasks.app */,
			);
			name = Products;
			sourceTree = "<group>";
		};
		29FE6BBE234436B600B4FA73 /* Tasks */ = {
			isa = PBXGroup;
			children = (
				29FE6BD823443A3C00B4FA73 /* Model */,
				29FE6BD3234436E800B4FA73 /* View Controllers */,
				29FE6BBF234436B600B4FA73 /* AppDelegate.swift */,
				29FE6BC1234436B600B4FA73 /* SceneDelegate.swift */,
				29FE6BC5234436B600B4FA73 /* Main.storyboard */,
				29FE6BC8234436B700B4FA73 /* Assets.xcassets */,
				29FE6BCA234436B700B4FA73 /* LaunchScreen.storyboard */,
				29FE6BCD234436B700B4FA73 /* Info.plist */,
			);
			path = Tasks;
			sourceTree = "<group>";
		};
		29FE6BD3234436E800B4FA73 /* View Controllers */ = {
			isa = PBXGroup;
			children = (
				29FE6BD42344370900B4FA73 /* TasksTableViewController.swift */,
				29FE6BD62344372300B4FA73 /* TaskDetailViewController.swift */,
			);
			path = "View Controllers";
			sourceTree = "<group>";
		};
		29FE6BD823443A3C00B4FA73 /* Model */ = {
			isa = PBXGroup;
			children = (
				29FE6BD923443A6900B4FA73 /* Tasks.xcdatamodeld */,
				29FE6BDC23443BAA00B4FA73 /* CoreDataStack.swift */,
				29FE6BDE23443E8300B4FA73 /* Task+Convenience.swift */,
			);
			path = Model;
			sourceTree = "<group>";
		};
/* End PBXGroup section */

/* Begin PBXNativeTarget section */
		29FE6BBB234436B600B4FA73 /* Tasks */ = {
			isa = PBXNativeTarget;
			buildConfigurationList = 29FE6BD0234436B700B4FA73 /* Build configuration list for PBXNativeTarget "Tasks" */;
			buildPhases = (
				29FE6BB8234436B600B4FA73 /* Sources */,
				29FE6BB9234436B600B4FA73 /* Frameworks */,
				29FE6BBA234436B600B4FA73 /* Resources */,
			);
			buildRules = (
			);
			dependencies = (
			);
			name = Tasks;
			productName = Tasks;
			productReference = 29FE6BBC234436B600B4FA73 /* Tasks.app */;
			productType = "com.apple.product-type.application";
		};
/* End PBXNativeTarget section */

/* Begin PBXProject section */
		29FE6BB4234436B600B4FA73 /* Project object */ = {
			isa = PBXProject;
			attributes = {
				LastSwiftUpdateCheck = 1100;
				LastUpgradeCheck = 1100;
				ORGANIZATIONNAME = "John Kouris";
				TargetAttributes = {
					29FE6BBB234436B600B4FA73 = {
						CreatedOnToolsVersion = 11.0;
					};
				};
			};
			buildConfigurationList = 29FE6BB7234436B600B4FA73 /* Build configuration list for PBXProject "Tasks" */;
			compatibilityVersion = "Xcode 9.3";
			developmentRegion = en;
			hasScannedForEncodings = 0;
			knownRegions = (
				en,
				Base,
			);
			mainGroup = 29FE6BB3234436B600B4FA73;
			productRefGroup = 29FE6BBD234436B600B4FA73 /* Products */;
			projectDirPath = "";
			projectRoot = "";
			targets = (
				29FE6BBB234436B600B4FA73 /* Tasks */,
			);
		};
/* End PBXProject section */

/* Begin PBXResourcesBuildPhase section */
		29FE6BBA234436B600B4FA73 /* Resources */ = {
			isa = PBXResourcesBuildPhase;
			buildActionMask = 2147483647;
			files = (
				29FE6BCC234436B700B4FA73 /* LaunchScreen.storyboard in Resources */,
				29FE6BC9234436B700B4FA73 /* Assets.xcassets in Resources */,
				29FE6BC7234436B600B4FA73 /* Main.storyboard in Resources */,
			);
			runOnlyForDeploymentPostprocessing = 0;
		};
/* End PBXResourcesBuildPhase section */

/* Begin PBXSourcesBuildPhase section */
		29FE6BB8234436B600B4FA73 /* Sources */ = {
			isa = PBXSourcesBuildPhase;
			buildActionMask = 2147483647;
			files = (
				29FE6BC0234436B600B4FA73 /* AppDelegate.swift in Sources */,
				29FE6BD52344370900B4FA73 /* TasksTableViewController.swift in Sources */,
				29FE6BDB23443A6900B4FA73 /* Tasks.xcdatamodeld in Sources */,
				29FE6BDF23443E8300B4FA73 /* Task+Convenience.swift in Sources */,
				29FE6BDD23443BAA00B4FA73 /* CoreDataStack.swift in Sources */,
				29FE6BD72344372300B4FA73 /* TaskDetailViewController.swift in Sources */,
				29FE6BC2234436B600B4FA73 /* SceneDelegate.swift in Sources */,
			);
			runOnlyForDeploymentPostprocessing = 0;
		};
/* End PBXSourcesBuildPhase section */

/* Begin PBXVariantGroup section */
		29FE6BC5234436B600B4FA73 /* Main.storyboard */ = {
			isa = PBXVariantGroup;
			children = (
				29FE6BC6234436B600B4FA73 /* Base */,
			);
			name = Main.storyboard;
			sourceTree = "<group>";
		};
		29FE6BCA234436B700B4FA73 /* LaunchScreen.storyboard */ = {
			isa = PBXVariantGroup;
			children = (
				29FE6BCB234436B700B4FA73 /* Base */,
			);
			name = LaunchScreen.storyboard;
			sourceTree = "<group>";
		};
/* End PBXVariantGroup section */

/* Begin XCBuildConfiguration section */
		29FE6BCE234436B700B4FA73 /* Debug */ = {
			isa = XCBuildConfiguration;
			buildSettings = {
				ALWAYS_SEARCH_USER_PATHS = NO;
				CLANG_ANALYZER_NONNULL = YES;
				CLANG_ANALYZER_NUMBER_OBJECT_CONVERSION = YES_AGGRESSIVE;
				CLANG_CXX_LANGUAGE_STANDARD = "gnu++14";
				CLANG_CXX_LIBRARY = "libc++";
				CLANG_ENABLE_MODULES = YES;
				CLANG_ENABLE_OBJC_ARC = YES;
				CLANG_ENABLE_OBJC_WEAK = YES;
				CLANG_WARN_BLOCK_CAPTURE_AUTORELEASING = YES;
				CLANG_WARN_BOOL_CONVERSION = YES;
				CLANG_WARN_COMMA = YES;
				CLANG_WARN_CONSTANT_CONVERSION = YES;
				CLANG_WARN_DEPRECATED_OBJC_IMPLEMENTATIONS = YES;
				CLANG_WARN_DIRECT_OBJC_ISA_USAGE = YES_ERROR;
				CLANG_WARN_DOCUMENTATION_COMMENTS = YES;
				CLANG_WARN_EMPTY_BODY = YES;
				CLANG_WARN_ENUM_CONVERSION = YES;
				CLANG_WARN_INFINITE_RECURSION = YES;
				CLANG_WARN_INT_CONVERSION = YES;
				CLANG_WARN_NON_LITERAL_NULL_CONVERSION = YES;
				CLANG_WARN_OBJC_IMPLICIT_RETAIN_SELF = YES;
				CLANG_WARN_OBJC_LITERAL_CONVERSION = YES;
				CLANG_WARN_OBJC_ROOT_CLASS = YES_ERROR;
				CLANG_WARN_RANGE_LOOP_ANALYSIS = YES;
				CLANG_WARN_STRICT_PROTOTYPES = YES;
				CLANG_WARN_SUSPICIOUS_MOVE = YES;
				CLANG_WARN_UNGUARDED_AVAILABILITY = YES_AGGRESSIVE;
				CLANG_WARN_UNREACHABLE_CODE = YES;
				CLANG_WARN__DUPLICATE_METHOD_MATCH = YES;
				COPY_PHASE_STRIP = NO;
				DEBUG_INFORMATION_FORMAT = dwarf;
				ENABLE_STRICT_OBJC_MSGSEND = YES;
				ENABLE_TESTABILITY = YES;
				GCC_C_LANGUAGE_STANDARD = gnu11;
				GCC_DYNAMIC_NO_PIC = NO;
				GCC_NO_COMMON_BLOCKS = YES;
				GCC_OPTIMIZATION_LEVEL = 0;
				GCC_PREPROCESSOR_DEFINITIONS = (
					"DEBUG=1",
					"$(inherited)",
				);
				GCC_WARN_64_TO_32_BIT_CONVERSION = YES;
				GCC_WARN_ABOUT_RETURN_TYPE = YES_ERROR;
				GCC_WARN_UNDECLARED_SELECTOR = YES;
				GCC_WARN_UNINITIALIZED_AUTOS = YES_AGGRESSIVE;
				GCC_WARN_UNUSED_FUNCTION = YES;
				GCC_WARN_UNUSED_VARIABLE = YES;
				IPHONEOS_DEPLOYMENT_TARGET = 13.0;
				MTL_ENABLE_DEBUG_INFO = INCLUDE_SOURCE;
				MTL_FAST_MATH = YES;
				ONLY_ACTIVE_ARCH = YES;
				SDKROOT = iphoneos;
				SWIFT_ACTIVE_COMPILATION_CONDITIONS = DEBUG;
				SWIFT_OPTIMIZATION_LEVEL = "-Onone";
			};
			name = Debug;
		};
		29FE6BCF234436B700B4FA73 /* Release */ = {
			isa = XCBuildConfiguration;
			buildSettings = {
				ALWAYS_SEARCH_USER_PATHS = NO;
				CLANG_ANALYZER_NONNULL = YES;
				CLANG_ANALYZER_NUMBER_OBJECT_CONVERSION = YES_AGGRESSIVE;
				CLANG_CXX_LANGUAGE_STANDARD = "gnu++14";
				CLANG_CXX_LIBRARY = "libc++";
				CLANG_ENABLE_MODULES = YES;
				CLANG_ENABLE_OBJC_ARC = YES;
				CLANG_ENABLE_OBJC_WEAK = YES;
				CLANG_WARN_BLOCK_CAPTURE_AUTORELEASING = YES;
				CLANG_WARN_BOOL_CONVERSION = YES;
				CLANG_WARN_COMMA = YES;
				CLANG_WARN_CONSTANT_CONVERSION = YES;
				CLANG_WARN_DEPRECATED_OBJC_IMPLEMENTATIONS = YES;
				CLANG_WARN_DIRECT_OBJC_ISA_USAGE = YES_ERROR;
				CLANG_WARN_DOCUMENTATION_COMMENTS = YES;
				CLANG_WARN_EMPTY_BODY = YES;
				CLANG_WARN_ENUM_CONVERSION = YES;
				CLANG_WARN_INFINITE_RECURSION = YES;
				CLANG_WARN_INT_CONVERSION = YES;
				CLANG_WARN_NON_LITERAL_NULL_CONVERSION = YES;
				CLANG_WARN_OBJC_IMPLICIT_RETAIN_SELF = YES;
				CLANG_WARN_OBJC_LITERAL_CONVERSION = YES;
				CLANG_WARN_OBJC_ROOT_CLASS = YES_ERROR;
				CLANG_WARN_RANGE_LOOP_ANALYSIS = YES;
				CLANG_WARN_STRICT_PROTOTYPES = YES;
				CLANG_WARN_SUSPICIOUS_MOVE = YES;
				CLANG_WARN_UNGUARDED_AVAILABILITY = YES_AGGRESSIVE;
				CLANG_WARN_UNREACHABLE_CODE = YES;
				CLANG_WARN__DUPLICATE_METHOD_MATCH = YES;
				COPY_PHASE_STRIP = NO;
				DEBUG_INFORMATION_FORMAT = "dwarf-with-dsym";
				ENABLE_NS_ASSERTIONS = NO;
				ENABLE_STRICT_OBJC_MSGSEND = YES;
				GCC_C_LANGUAGE_STANDARD = gnu11;
				GCC_NO_COMMON_BLOCKS = YES;
				GCC_WARN_64_TO_32_BIT_CONVERSION = YES;
				GCC_WARN_ABOUT_RETURN_TYPE = YES_ERROR;
				GCC_WARN_UNDECLARED_SELECTOR = YES;
				GCC_WARN_UNINITIALIZED_AUTOS = YES_AGGRESSIVE;
				GCC_WARN_UNUSED_FUNCTION = YES;
				GCC_WARN_UNUSED_VARIABLE = YES;
				IPHONEOS_DEPLOYMENT_TARGET = 13.0;
				MTL_ENABLE_DEBUG_INFO = NO;
				MTL_FAST_MATH = YES;
				SDKROOT = iphoneos;
				SWIFT_COMPILATION_MODE = wholemodule;
				SWIFT_OPTIMIZATION_LEVEL = "-O";
				VALIDATE_PRODUCT = YES;
			};
			name = Release;
		};
		29FE6BD1234436B700B4FA73 /* Debug */ = {
			isa = XCBuildConfiguration;
			buildSettings = {
				ASSETCATALOG_COMPILER_APPICON_NAME = AppIcon;
				CODE_SIGN_STYLE = Automatic;
				DEVELOPMENT_TEAM = SE96QQ4Q6G;
				INFOPLIST_FILE = Tasks/Info.plist;
				LD_RUNPATH_SEARCH_PATHS = (
					"$(inherited)",
					"@executable_path/Frameworks",
				);
				PRODUCT_BUNDLE_IDENTIFIER = com.JohnKouris.Tasks;
				PRODUCT_NAME = "$(TARGET_NAME)";
				SWIFT_VERSION = 5.0;
				TARGETED_DEVICE_FAMILY = "1,2";
			};
			name = Debug;
		};
		29FE6BD2234436B700B4FA73 /* Release */ = {
			isa = XCBuildConfiguration;
			buildSettings = {
				ASSETCATALOG_COMPILER_APPICON_NAME = AppIcon;
				CODE_SIGN_STYLE = Automatic;
				DEVELOPMENT_TEAM = SE96QQ4Q6G;
				INFOPLIST_FILE = Tasks/Info.plist;
				LD_RUNPATH_SEARCH_PATHS = (
					"$(inherited)",
					"@executable_path/Frameworks",
				);
				PRODUCT_BUNDLE_IDENTIFIER = com.JohnKouris.Tasks;
				PRODUCT_NAME = "$(TARGET_NAME)";
				SWIFT_VERSION = 5.0;
				TARGETED_DEVICE_FAMILY = "1,2";
			};
			name = Release;
		};
/* End XCBuildConfiguration section */

/* Begin XCConfigurationList section */
		29FE6BB7234436B600B4FA73 /* Build configuration list for PBXProject "Tasks" */ = {
			isa = XCConfigurationList;
			buildConfigurations = (
				29FE6BCE234436B700B4FA73 /* Debug */,
				29FE6BCF234436B700B4FA73 /* Release */,
			);
			defaultConfigurationIsVisible = 0;
			defaultConfigurationName = Release;
		};
		29FE6BD0234436B700B4FA73 /* Build configuration list for PBXNativeTarget "Tasks" */ = {
			isa = XCConfigurationList;
			buildConfigurations = (
				29FE6BD1234436B700B4FA73 /* Debug */,
				29FE6BD2234436B700B4FA73 /* Release */,
			);
			defaultConfigurationIsVisible = 0;
			defaultConfigurationName = Release;
		};
/* End XCConfigurationList section */

/* Begin XCVersionGroup section */
		29FE6BD923443A6900B4FA73 /* Tasks.xcdatamodeld */ = {
			isa = XCVersionGroup;
			children = (
				29287D9B234C201200A3731D /* Tasks 3.xcdatamodel */,
				29E073272346DA7B00C5160C /* Tasks 2.xcdatamodel */,
				29FE6BDA23443A6900B4FA73 /* Tasks.xcdatamodel */,
			);
			currentVersion = 29287D9B234C201200A3731D /* Tasks 3.xcdatamodel */;
			path = Tasks.xcdatamodeld;
			sourceTree = "<group>";
			versionGroupType = wrapper.xcdatamodel;
		};
/* End XCVersionGroup section */
	};
	rootObject = 29FE6BB4234436B600B4FA73 /* Project object */;
}
